lockfileVersion: '9.0'

settings:
  autoInstallPeers: true
  excludeLinksFromLockfile: false

importers:

  .:
    dependencies:
      '@google/generative-ai':
        specifier: ^0.2.0
        version: 0.2.1
      dotenv:
        specifier: ^16.4.0
        version: 16.4.7

packages:

  '@google/generative-ai@0.2.1':
    resolution: {integrity: sha512-gNmMFadfwi7qf/6M9gImgyGJXY1jKQ/de8vGOqgJ0PPYgQ7WwzZDavbKrIuXS2zdqZZaYtxW3EFN6aG9x5wtFw==}
    engines: {node: '>=18.0.0'}

  dotenv@16.4.7:
    resolution: {integrity: sha512-47qPchRCykZC03FhkYAhrvwU4xDBFIj1QPqaarj6mdM/hgUzfPHcpkHJOn3mJAufFeeAxAzeGsr5X0M4k6fLZQ==}
    engines: {node: '>=12'}

snapshots:

  '@google/generative-ai@0.2.1': {}

  dotenv@16.4.7: {}
